%{"ranch": {:hex, :ranch, "1.1.0"},
  "ecdo": {:hex, :ecdo, "0.1.2"},
  "phoenix": {:hex, :phoenix, "0.13.1"},
  "phoenix_live_reload": {:hex, :phoenix_live_reload, "0.4.3"},
  "fs": {:hex, :fs, "0.9.2"},
  "dnssd": {:git, "git://github.com/benoitc/dnssd_erlang.git", "9b2fdb7ff9618102d82f04e4c68ce191c9aa15ba", [branch: "master"]},
  "ex_uri": {:git, "git://github.com/heroku/ex_uri.git", "16f26db7026493d2934f615f8884fad42675f00e", [branch: "master"]},
  "phoenix_html": {:hex, :phoenix_html, "1.4.0"},
  "poolboy": {:hex, :poolboy, "1.5.1"},
  "postgrex": {:hex, :postgrex, "0.9.1"},
  "meck": {:hex, :meck, "0.8.3"},
  "cowlib": {:hex, :cowlib, "1.0.1"},
  "phoenix_ecto": {:hex, :phoenix_ecto, "0.8.1"},
  "ssl_verify_hostname": {:hex, :ssl_verify_hostname, "1.0.5"},
  "poison": {:hex, :poison, "1.4.0"},
  "lager": {:hex, :lager, "2.1.1"},
  "yang": {:git, "git://github.com/travelping/yang.git", "099b3224ce4d75574bb92a339ced3aa77b7766e0", [branch: "master"]},
  "parse_trans": {:git, "git://github.com/uwiger/parse_trans.git", "a210adafdfbb904d156d8f22abd5fb58fc17de1e", [tag: "2.9.2"]},
  "folsom": {:git, "git://github.com/boundary/folsom", "38e2cce7c64ce1f0a3a918d90394cfc0a940b1ba", [tag: "0.8.2"]},
  "mariaex": {:hex, :mariaex, "0.4.3"},
  "jsx": {:hex, :jsx, "2.6.2"},
  "gen_listener_tcp": {:git, "https://github.com/travelping/gen_listener_tcp.git", "fb9626d172b09e6448d36f23e6055adf75189bfe", [branch: "master"]},
  "apix": {:hex, :apix, "0.1.0"},
  "ecto_it": {:hex, :ecto_it, "0.2.0"},
  "hello": {:git, "git://github.com/travelping/hello.git", "11d25ed3aa4083ba12134dc6136a681241b8b762", []},
  "exometer_core": {:git, "git://github.com/Feuerlabs/exometer_core.git", "f2840123bb4615dac154f8e8f53225b1e9f659a6", [branch: "master"]},
  "goldrush": {:hex, :goldrush, "0.1.6"},
  "bear": {:git, "git://github.com/boundary/bear.git", "119234548783af19b8ec75c879c5062676b92571", [tag: "0.8.2"]},
  "plug": {:hex, :plug, "1.0.0"},
  "msgpack": {:git, "git://github.com/msgpack/msgpack-erlang.git", "7cdfd961f230e8b0792e417ad4212a368e15bc37", [branch: "master"]},
  "abnfc": {:git, "git://github.com/heroku/abnfc.git", "856c77cce8f0dd66bfe95f3ec4041f9f59b742bb", [branch: "master"]},
  "ecto": {:hex, :ecto, "0.16.0"},
  "edown": {:git, "git://github.com/uwiger/edown.git", "b7c8eb0ac1859f8fce11cbfe3526f5ec83194776", [branch: "master"]},
  "ecto_migrate": {:hex, :ecto_migrate, "0.6.1"},
  "idna": {:hex, :idna, "1.0.2"},
  "hackney": {:hex, :hackney, "1.1.0"},
  "setup": {:git, "git://github.com/uwiger/setup.git", "85447ca5eb671db0517a475791ac7fb3604bf44d", [tag: "1.5"]},
  "exscript": {:hex, :exscript, "0.0.1"},
  "decimal": {:hex, :decimal, "1.1.0"},
  "exd": {:git, "git://github.com/xerions/exd.git", "a753237d5b43ce3600f28c98e9cf2a4039e611f0", []},
  "ezmq": {:git, "git://github.com/RoadRunnr/ezmq.git", "a77378f0cb716b5293be6f69bdc99ed137a509c4", [branch: "fix-socket-crash"]},
  "cowboy": {:hex, :cowboy, "1.0.2"}}
